// package.json
{
  "name": "nextrace",
  "version": "1.0.0",
  "scripts": {
    "start": "node index.js"
  },
  "dependencies": {
    "express": "^4.18.2"
  }
}

// index.js
/**
 * Servidor básico Express para o projeto nextrace
 * Pronto para copiar e colar.
 */

const express = require('express');
const path = require('path');
require('dotenv').config();              // opcional: carrega variáveis de .env

const app = express();
const PORT = process.env.PORT || 3000;   // porta padrão ou via env

// Middlewares
app.use(express.json());                 // parse JSON
app.use(express.urlencoded({ extended: true })); // parse form data

// Sirva arquivos estáticos da pasta "public"
app.use(express.static(path.join(__dirname, 'public')));

// Health-check
app.get('/health', (req, res) => {
  res.status(200).send('OK');
});

// Exemplo de endpoint de API
app.get('/api/status', (req, res) => {
  res.json({ status: 'nextrace API funcionando!', timestamp: Date.now() });
});

// Catch-all para SPA (React/Vue/Angular)
app.get('*', (req, res) => {
  res.sendFile(path.join(__dirname, 'public', 'index.html'));
});

// Inicia o servidor
app.listen(PORT, () => {
  console.log(`Servidor nextrace rodando em http://localhost:${PORT}`);
});